
Microsoft Visual Studio Solution File, Format Version 12.00
# Visual Studio Version 16
VisualStudioVersion = 16.0.32126.315
MinimumVisualStudioVersion = 10.0.40219.1
Project("{FAE04EC0-301F-11D3-BF4B-00C04F79EFBC}") = "Tuan4_DuongMinhHao", "Tuan4_DuongMinhHao\Tuan4_DuongMinhHao.csproj", "{C08CDB43-08B8-4D91-A075-49965A44E95C}"
EndProject
Global
	GlobalSection(SolutionConfigurationPlatforms) = preSolution
		Debug|Any CPU = Debug|Any CPU
		Release|Any CPU = Release|Any CPU
	EndGlobalSection
	GlobalSection(ProjectConfigurationPlatforms) = postSolution
		{C08CDB43-08B8-4D91-A075-49965A44E95C}.Debug|Any CPU.ActiveCfg = Debug|Any CPU
		{C08CDB43-08B8-4D91-A075-49965A44E95C}.Debug|Any CPU.Build.0 = Debug|Any CPU
		{C08CDB43-08B8-4D91-A075-49965A44E95C}.Release|Any CPU.ActiveCfg = Release|Any CPU
		{C08CDB43-08B8-4D91-A075-49965A44E95C}.Release|Any CPU.Build.0 = Release|Any CPU
	EndGlobalSection
	GlobalSection(SolutionProperties) = preSolution
		HideSolutionNode = FALSE
	EndGlobalSection
	GlobalSection(ExtensibilityGlobals) = postSolution
		SolutionGuid = {E48D28AE-8815-4A7C-A485-C0CFA18C4265}
	EndGlobalSection
EndGlobal
